PODS:
  - Nimble (5.1.1)
  - NSURL+QueryDictionary (1.2.0)
  - Paparajote (0.1.12):
    - NSURL+QueryDictionary (~> 1.2)
  - Quick (1.0.0)

DEPENDENCIES:
  - Nimble
  - Paparajote (from `../`)
  - Quick

EXTERNAL SOURCES:
  Paparajote:
    :path: "../"

SPEC CHECKSUMS:
  Nimble: 415e3aa3267e7bc2c96b05fa814ddea7bb686a29
  NSURL+QueryDictionary: bae616404e2adf6409d3d5c02a093cbf44c8a236
  Paparajote: e7f0435daf10bfba55853c9304ef159f23028784
  Quick: 8024e4a47e6cc03a9d5245ef0948264fc6d27cff

PODFILE CHECKSUM: 3d26cb39d1450a4534259f2162e0106af1a81fd1

COCOAPODS: 1.1.1
